// !$*UTF8*$!
{
	archiveVersion = 1;
	classes = {
	};
	objectVersion = 48;
	objects = {

/* Begin PBXBuildFile section */
		C975D0521F772DF200D71FC4 /* Game.swift in Sources */ = {isa = PBXBuildFile; fileRef = C975D0511F772DF200D71FC4 /* Game.swift */; };
		C9A628E01F596FC8004CE135 /* Main.storyboard in Resources */ = {isa = PBXBuildFile; fileRef = C9BF87481F5963A9004F55D3 /* Main.storyboard */; };
		C9BF87371F596365004F55D3 /* AppDelegate.swift in Sources */ = {isa = PBXBuildFile; fileRef = C9BF87361F596365004F55D3 /* AppDelegate.swift */; };
		C9BF87391F596365004F55D3 /* GameViewController.swift in Sources */ = {isa = PBXBuildFile; fileRef = C9BF87381F596365004F55D3 /* GameViewController.swift */; };
		C9BF873E1F596365004F55D3 /* Assets.xcassets in Resources */ = {isa = PBXBuildFile; fileRef = C9BF873D1F596365004F55D3 /* Assets.xcassets */; };
		C9BF87411F596365004F55D3 /* LaunchScreen.storyboard in Resources */ = {isa = PBXBuildFile; fileRef = C9BF873F1F596365004F55D3 /* LaunchScreen.storyboard */; };
		C9D292501F71D7060012B852 /* SquareView.swift in Sources */ = {isa = PBXBuildFile; fileRef = C9D2924F1F71D7060012B852 /* SquareView.swift */; };
/* End PBXBuildFile section */

/* Begin PBXFileReference section */
		C975D0511F772DF200D71FC4 /* Game.swift */ = {isa = PBXFileReference; lastKnownFileType = sourcecode.swift; path = Game.swift; sourceTree = "<group>"; };
		C9BF87331F596365004F55D3 /* Mines.app */ = {isa = PBXFileReference; explicitFileType = wrapper.application; includeInIndex = 0; path = Mines.app; sourceTree = BUILT_PRODUCTS_DIR; };
		C9BF87361F596365004F55D3 /* AppDelegate.swift */ = {isa = PBXFileReference; lastKnownFileType = sourcecode.swift; path = AppDelegate.swift; sourceTree = "<group>"; };
		C9BF87381F596365004F55D3 /* GameViewController.swift */ = {isa = PBXFileReference; lastKnownFileType = sourcecode.swift; path = GameViewController.swift; sourceTree = "<group>"; };
		C9BF873D1F596365004F55D3 /* Assets.xcassets */ = {isa = PBXFileReference; lastKnownFileType = folder.assetcatalog; path = Assets.xcassets; sourceTree = "<group>"; };
		C9BF87401F596365004F55D3 /* Base */ = {isa = PBXFileReference; lastKnownFileType = file.storyboard; name = Base; path = Base.lproj/LaunchScreen.storyboard; sourceTree = "<group>"; };
		C9BF87421F596365004F55D3 /* Info.plist */ = {isa = PBXFileReference; lastKnownFileType = text.plist.xml; path = Info.plist; sourceTree = "<group>"; };
		C9BF87491F5963A9004F55D3 /* Base */ = {isa = PBXFileReference; lastKnownFileType = file.storyboard; name = Base; path = Base.lproj/Main.storyboard; sourceTree = "<group>"; };
		C9D2924F1F71D7060012B852 /* SquareView.swift */ = {isa = PBXFileReference; lastKnownFileType = sourcecode.swift; path = SquareView.swift; sourceTree = "<group>"; };
/* End PBXFileReference section */

/* Begin PBXFrameworksBuildPhase section */
		C9BF87301F596365004F55D3 /* Frameworks */ = {
			isa = PBXFrameworksBuildPhase;
			buildActionMask = 2147483647;
			files = (
			);
			runOnlyForDeploymentPostprocessing = 0;
		};
/* End PBXFrameworksBuildPhase section */

/* Begin PBXGroup section */
		C9BF872A1F596365004F55D3 = {
			isa = PBXGroup;
			children = (
				C9BF87351F596365004F55D3 /* CwlWorstPossibleApplication */,
				C9BF87341F596365004F55D3 /* Products */,
			);
			sourceTree = "<group>";
		};
		C9BF87341F596365004F55D3 /* Products */ = {
			isa = PBXGroup;
			children = (
				C9BF87331F596365004F55D3 /* Mines.app */,
			);
			name = Products;
			sourceTree = "<group>";
		};
		C9BF87351F596365004F55D3 /* CwlWorstPossibleApplication */ = {
			isa = PBXGroup;
			children = (
				C975D0511F772DF200D71FC4 /* Game.swift */,
				C9BF87361F596365004F55D3 /* AppDelegate.swift */,
				C9BF87381F596365004F55D3 /* GameViewController.swift */,
				C9D2924F1F71D7060012B852 /* SquareView.swift */,
				C9BF873D1F596365004F55D3 /* Assets.xcassets */,
				C9BF87481F5963A9004F55D3 /* Main.storyboard */,
				C9BF873F1F596365004F55D3 /* LaunchScreen.storyboard */,
				C9BF87421F596365004F55D3 /* Info.plist */,
			);
			path = CwlWorstPossibleApplication;
			sourceTree = "<group>";
		};
/* End PBXGroup section */

/* Begin PBXNativeTarget section */
		C9BF87321F596365004F55D3 /* Mines */ = {
			isa = PBXNativeTarget;
			buildConfigurationList = C9BF87451F596365004F55D3 /* Build configuration list for PBXNativeTarget "Mines" */;
			buildPhases = (
				C9BF872F1F596365004F55D3 /* Sources */,
				C9BF87301F596365004F55D3 /* Frameworks */,
				C9BF87311F596365004F55D3 /* Resources */,
			);
			buildRules = (
			);
			dependencies = (
			);
			name = Mines;
			productName = CwlWorstPossibleApplication;
			productReference = C9BF87331F596365004F55D3 /* Mines.app */;
			productType = "com.apple.product-type.application";
		};
/* End PBXNativeTarget section */

/* Begin PBXProject section */
		C9BF872B1F596365004F55D3 /* Project object */ = {
			isa = PBXProject;
			attributes = {
				LastSwiftUpdateCheck = 0900;
				LastUpgradeCheck = 0900;
				ORGANIZATIONNAME = "Matt Gallagher";
				TargetAttributes = {
					C9BF87321F596365004F55D3 = {
						CreatedOnToolsVersion = 9.0;
						ProvisioningStyle = Automatic;
					};
				};
			};
			buildConfigurationList = C9BF872E1F596365004F55D3 /* Build configuration list for PBXProject "CwlWorstPossibleApplication" */;
			compatibilityVersion = "Xcode 8.0";
			developmentRegion = en;
			hasScannedForEncodings = 0;
			knownRegions = (
				en,
				Base,
			);
			mainGroup = C9BF872A1F596365004F55D3;
			productRefGroup = C9BF87341F596365004F55D3 /* Products */;
			projectDirPath = "";
			projectRoot = "";
			targets = (
				C9BF87321F596365004F55D3 /* Mines */,
			);
		};
/* End PBXProject section */

/* Begin PBXResourcesBuildPhase section */
		C9BF87311F596365004F55D3 /* Resources */ = {
			isa = PBXResourcesBuildPhase;
			buildActionMask = 2147483647;
			files = (
				C9BF87411F596365004F55D3 /* LaunchScreen.storyboard in Resources */,
				C9BF873E1F596365004F55D3 /* Assets.xcassets in Resources */,
				C9A628E01F596FC8004CE135 /* Main.storyboard in Resources */,
			);
			runOnlyForDeploymentPostprocessing = 0;
		};
/* End PBXResourcesBuildPhase section */

/* Begin PBXSourcesBuildPhase section */
		C9BF872F1F596365004F55D3 /* Sources */ = {
			isa = PBXSourcesBuildPhase;
			buildActionMask = 2147483647;
			files = (
				C9D292501F71D7060012B852 /* SquareView.swift in Sources */,
				C9BF87391F596365004F55D3 /* GameViewController.swift in Sources */,
				C9BF87371F596365004F55D3 /* AppDelegate.swift in Sources */,
				C975D0521F772DF200D71FC4 /* Game.swift in Sources */,
			);
			runOnlyForDeploymentPostprocessing = 0;
		};
/* End PBXSourcesBuildPhase section */

/* Begin PBXVariantGroup section */
		C9BF873F1F596365004F55D3 /* LaunchScreen.storyboard */ = {
			isa = PBXVariantGroup;
			children = (
				C9BF87401F596365004F55D3 /* Base */,
			);
			name = LaunchScreen.storyboard;
			sourceTree = "<group>";
		};
		C9BF87481F5963A9004F55D3 /* Main.storyboard */ = {
			isa = PBXVariantGroup;
			children = (
				C9BF87491F5963A9004F55D3 /* Base */,
			);
			name = Main.storyboard;
			sourceTree = "<group>";
		};
/* End PBXVariantGroup section */

/* Begin XCBuildConfiguration section */
		C9BF87431F596365004F55D3 /* Debug */ = {
			isa = XCBuildConfiguration;
			buildSettings = {
				ALWAYS_SEARCH_USER_PATHS = NO;
				CLANG_ANALYZER_NONNULL = YES;
				CLANG_ANALYZER_NUMBER_OBJECT_CONVERSION = YES_AGGRESSIVE;
				CLANG_CXX_LANGUAGE_STANDARD = "gnu++14";
				CLANG_CXX_LIBRARY = "libc++";
				CLANG_ENABLE_MODULES = YES;
				CLANG_ENABLE_OBJC_ARC = YES;
				CLANG_WARN_BLOCK_CAPTURE_AUTORELEASING = YES;
				CLANG_WARN_BOOL_CONVERSION = YES;
				CLANG_WARN_COMMA = YES;
				CLANG_WARN_CONSTANT_CONVERSION = YES;
				CLANG_WARN_DIRECT_OBJC_ISA_USAGE = YES_ERROR;
				CLANG_WARN_DOCUMENTATION_COMMENTS = YES;
				CLANG_WARN_EMPTY_BODY = YES;
				CLANG_WARN_ENUM_CONVERSION = YES;
				CLANG_WARN_INFINITE_RECURSION = YES;
				CLANG_WARN_INT_CONVERSION = YES;
				CLANG_WARN_NON_LITERAL_NULL_CONVERSION = YES;
				CLANG_WARN_OBJC_LITERAL_CONVERSION = YES;
				CLANG_WARN_OBJC_ROOT_CLASS = YES_ERROR;
				CLANG_WARN_RANGE_LOOP_ANALYSIS = YES;
				CLANG_WARN_STRICT_PROTOTYPES = YES;
				CLANG_WARN_SUSPICIOUS_MOVE = YES;
				CLANG_WARN_UNGUARDED_AVAILABILITY = YES_AGGRESSIVE;
				CLANG_WARN_UNREACHABLE_CODE = YES;
				CLANG_WARN__DUPLICATE_METHOD_MATCH = YES;
				CODE_SIGN_IDENTITY = "iPhone Developer";
				COPY_PHASE_STRIP = NO;
				DEBUG_INFORMATION_FORMAT = dwarf;
				ENABLE_STRICT_OBJC_MSGSEND = YES;
				ENABLE_TESTABILITY = YES;
				GCC_C_LANGUAGE_STANDARD = gnu11;
				GCC_DYNAMIC_NO_PIC = NO;
				GCC_NO_COMMON_BLOCKS = YES;
				GCC_OPTIMIZATION_LEVEL = 0;
				GCC_PREPROCESSOR_DEFINITIONS = (
					"DEBUG=1",
					"$(inherited)",
				);
				GCC_WARN_64_TO_32_BIT_CONVERSION = YES;
				GCC_WARN_ABOUT_RETURN_TYPE = YES_ERROR;
				GCC_WARN_UNDECLARED_SELECTOR = YES;
				GCC_WARN_UNINITIALIZED_AUTOS = YES_AGGRESSIVE;
				GCC_WARN_UNUSED_FUNCTION = YES;
				GCC_WARN_UNUSED_VARIABLE = YES;
				IPHONEOS_DEPLOYMENT_TARGET = 11.0;
				MTL_ENABLE_DEBUG_INFO = YES;
				ONLY_ACTIVE_ARCH = YES;
				SDKROOT = iphoneos;
				SWIFT_ACTIVE_COMPILATION_CONDITIONS = DEBUG;
				SWIFT_OPTIMIZATION_LEVEL = "-Onone";
			};
			name = Debug;
		};
		C9BF87441F596365004F55D3 /* Release */ = {
			isa = XCBuildConfiguration;
			buildSettings = {
				ALWAYS_SEARCH_USER_PATHS = NO;
				CLANG_ANALYZER_NONNULL = YES;
				CLANG_ANALYZER_NUMBER_OBJECT_CONVERSION = YES_AGGRESSIVE;
				CLANG_CXX_LANGUAGE_STANDARD = "gnu++14";
				CLANG_CXX_LIBRARY = "libc++";
				CLANG_ENABLE_MODULES = YES;
				CLANG_ENABLE_OBJC_ARC = YES;
				CLANG_WARN_BLOCK_CAPTURE_AUTORELEASING = YES;
				CLANG_WARN_BOOL_CONVERSION = YES;
				CLANG_WARN_COMMA = YES;
				CLANG_WARN_CONSTANT_CONVERSION = YES;
				CLANG_WARN_DIRECT_OBJC_ISA_USAGE = YES_ERROR;
				CLANG_WARN_DOCUMENTATION_COMMENTS = YES;
				CLANG_WARN_EMPTY_BODY = YES;
				CLANG_WARN_ENUM_CONVERSION = YES;
				CLANG_WARN_INFINITE_RECURSION = YES;
				CLANG_WARN_INT_CONVERSION = YES;
				CLANG_WARN_NON_LITERAL_NULL_CONVERSION = YES;
				CLANG_WARN_OBJC_LITERAL_CONVERSION = YES;
				CLANG_WARN_OBJC_ROOT_CLASS = YES_ERROR;
				CLANG_WARN_RANGE_LOOP_ANALYSIS = YES;
				CLANG_WARN_STRICT_PROTOTYPES = YES;
				CLANG_WARN_SUSPICIOUS_MOVE = YES;
				CLANG_WARN_UNGUARDED_AVAILABILITY = YES_AGGRESSIVE;
				CLANG_WARN_UNREACHABLE_CODE = YES;
				CLANG_WARN__DUPLICATE_METHOD_MATCH = YES;
				CODE_SIGN_IDENTITY = "iPhone Developer";
				COPY_PHASE_STRIP = NO;
				DEBUG_INFORMATION_FORMAT = "dwarf-with-dsym";
				ENABLE_NS_ASSERTIONS = NO;
				ENABLE_STRICT_OBJC_MSGSEND = YES;
				GCC_C_LANGUAGE_STANDARD = gnu11;
				GCC_NO_COMMON_BLOCKS = YES;
				GCC_WARN_64_TO_32_BIT_CONVERSION = YES;
				GCC_WARN_ABOUT_RETURN_TYPE = YES_ERROR;
				GCC_WARN_UNDECLARED_SELECTOR = YES;
				GCC_WARN_UNINITIALIZED_AUTOS = YES_AGGRESSIVE;
				GCC_WARN_UNUSED_FUNCTION = YES;
				GCC_WARN_UNUSED_VARIABLE = YES;
				IPHONEOS_DEPLOYMENT_TARGET = 11.0;
				MTL_ENABLE_DEBUG_INFO = NO;
				SDKROOT = iphoneos;
				SWIFT_OPTIMIZATION_LEVEL = "-Owholemodule";
				VALIDATE_PRODUCT = YES;
			};
			name = Release;
		};
		C9BF87461F596365004F55D3 /* Debug */ = {
			isa = XCBuildConfiguration;
			buildSettings = {
				ASSETCATALOG_COMPILER_APPICON_NAME = AppIcon;
				CODE_SIGN_STYLE = Automatic;
				INFOPLIST_FILE = CwlWorstPossibleApplication/Info.plist;
				LD_RUNPATH_SEARCH_PATHS = "$(inherited) @executable_path/Frameworks";
				PRODUCT_BUNDLE_IDENTIFIER = com.cocoawithlove.CwlWorstPossibleApplication;
				PRODUCT_NAME = "$(TARGET_NAME)";
				SWIFT_VERSION = 4.0;
				TARGETED_DEVICE_FAMILY = "1,2";
			};
			name = Debug;
		};
		C9BF87471F596365004F55D3 /* Release */ = {
			isa = XCBuildConfiguration;
			buildSettings = {
				ASSETCATALOG_COMPILER_APPICON_NAME = AppIcon;
				CODE_SIGN_STYLE = Automatic;
				INFOPLIST_FILE = CwlWorstPossibleApplication/Info.plist;
				LD_RUNPATH_SEARCH_PATHS = "$(inherited) @executable_path/Frameworks";
				PRODUCT_BUNDLE_IDENTIFIER = com.cocoawithlove.CwlWorstPossibleApplication;
				PRODUCT_NAME = "$(TARGET_NAME)";
				SWIFT_VERSION = 4.0;
				TARGETED_DEVICE_FAMILY = "1,2";
			};
			name = Release;
		};
/* End XCBuildConfiguration section */

/* Begin XCConfigurationList section */
		C9BF872E1F596365004F55D3 /* Build configuration list for PBXProject "CwlWorstPossibleApplication" */ = {
			isa = XCConfigurationList;
			buildConfigurations = (
				C9BF87431F596365004F55D3 /* Debug */,
				C9BF87441F596365004F55D3 /* Release */,
			);
			defaultConfigurationIsVisible = 0;
			defaultConfigurationName = Release;
		};
		C9BF87451F596365004F55D3 /* Build configuration list for PBXNativeTarget "Mines" */ = {
			isa = XCConfigurationList;
			buildConfigurations = (
				C9BF87461F596365004F55D3 /* Debug */,
				C9BF87471F596365004F55D3 /* Release */,
			);
			defaultConfigurationIsVisible = 0;
			defaultConfigurationName = Release;
		};
/* End XCConfigurationList section */
	};
	rootObject = C9BF872B1F596365004F55D3 /* Project object */;
}
